
Microsoft Visual Studio Solution File, Format Version 12.00
# Visual Studio Version 17
VisualStudioVersion = 17.13.35931.197 d17.13
MinimumVisualStudioVersion = 10.0.40219.1
Project("{FAE04EC0-301F-11D3-BF4B-00C04F79EFBC}") = "CoreHRM", "CoreHRM.csproj", "{E8E8CF2F-EE08-4983-8C53-16D4DE12978D}"
EndProject
Global
	GlobalSection(SolutionConfigurationPlatforms) = preSolution
		Debug|Any CPU = Debug|Any CPU
		Release|Any CPU = Release|Any CPU
	EndGlobalSection
	GlobalSection(ProjectConfigurationPlatforms) = postSolution
		{E8E8CF2F-EE08-4983-8C53-16D4DE12978D}.Debug|Any CPU.ActiveCfg = Debug|Any CPU
		{E8E8CF2F-EE08-4983-8C53-16D4DE12978D}.Debug|Any CPU.Build.0 = Debug|Any CPU
		{E8E8CF2F-EE08-4983-8C53-16D4DE12978D}.Release|Any CPU.ActiveCfg = Release|Any CPU
		{E8E8CF2F-EE08-4983-8C53-16D4DE12978D}.Release|Any CPU.Build.0 = Release|Any CPU
	EndGlobalSection
	GlobalSection(SolutionProperties) = preSolution
		HideSolutionNode = FALSE
	EndGlobalSection
	GlobalSection(ExtensibilityGlobals) = postSolution
		SolutionGuid = {A8B97BC3-A373-4230-BF25-A7B7653379C3}
	EndGlobalSection
EndGlobal
